{
  "name": "ptero",
  "version": "1.0.0",
  "lockfileVersion": 1,
  "requires": true,
  "dependencies": {
    "@types/node": {
      "version": "8.10.17",
      "resolved": "https://registry.npmjs.org/@types/node/-/node-8.10.17.tgz",
      "integrity": "sha512-3N3FRd/rA1v5glXjb90YdYUa+sOB7WrkU2rAhKZnF4TKD86Cym9swtulGuH0p9nxo7fP5woRNa8b0oFTpCO1bg==",
      "dev": true
    },
    "game-packets": {
      "version": "0.0.4",
      "resolved": "https://registry.npmjs.org/game-packets/-/game-packets-0.0.4.tgz",
      "integrity": "sha1-Ij+ydrJ4WeMcx5o6DvI408a1MQA=",
      "requires": {
        "isaac-crypto": "^2.0.4"
      }
    },
    "get-signed-32-bit-int": {
      "version": "1.0.0",
      "resolved": "https://registry.npmjs.org/get-signed-32-bit-int/-/get-signed-32-bit-int-1.0.0.tgz",
      "integrity": "sha1-yD1QFv+kNYcGqMlBAwTf+cnDFtc="
    },
    "isaac-crypto": {
      "version": "2.0.4",
      "resolved": "https://registry.npmjs.org/isaac-crypto/-/isaac-crypto-2.0.4.tgz",
      "integrity": "sha1-F+lHL5pvmyJDmuwRjAWTIpRTyBo=",
      "requires": {
        "get-signed-32-bit-int": "^1.0.0"
      }
    },
    "typescript": {
      "version": "2.8.3",
      "resolved": "https://registry.npmjs.org/typescript/-/typescript-2.8.3.tgz",
      "integrity": "sha512-K7g15Bb6Ra4lKf7Iq2l/I5/En+hLIHmxWZGq3D4DIRNFxMNV6j2SHSvDOqs2tGd4UvD/fJvrwopzQXjLrT7Itw==",
      "dev": true
    }
  }
}
